
Microsoft Visual Studio Solution File, Format Version 12.00
# Visual Studio Version 17
VisualStudioVersion = 17.9.34607.119
MinimumVisualStudioVersion = 10.0.40219.1
Project("{9A19103F-16F7-4668-BE54-9A1E7A4F7556}") = "NJDOT.APIs.Function", "NJDOT.APIs.Function\NJDOT.APIs.Function.csproj", "{9BBF7B5C-0433-4745-BFAB-2CEFB4FF9E25}"
EndProject
Project("{2150E333-8FDC-42A3-9474-1A3956D46DE8}") = "API", "API", "{6E3E48A8-81EF-4668-93E0-6FAAB0C5A4E0}"
EndProject
Project("{2150E333-8FDC-42A3-9474-1A3956D46DE8}") = "Common", "Common", "{877F00FA-BD9A-41B6-8840-F5CDFF7490E2}"
EndProject
Project("{2150E333-8FDC-42A3-9474-1A3956D46DE8}") = "Web", "Web", "{A5EC6324-B7F1-417B-8B84-53FA46F59431}"
EndProject
Project("{9A19103F-16F7-4668-BE54-9A1E7A4F7556}") = "NJDOT.Models", "NJDOT.Models\NJDOT.Models.csproj", "{AB16D0F5-CD46-4A73-93A4-B340EE3AE413}"
EndProject
Project("{9A19103F-16F7-4668-BE54-9A1E7A4F7556}") = "NJDOT.Services", "NJDOT.Services\NJDOT.Services.csproj", "{F71D4124-8BFA-4585-B600-C232A1A744EE}"
EndProject
Project("{9A19103F-16F7-4668-BE54-9A1E7A4F7556}") = "NJDOT.Components", "NJDOT.Components\NJDOT.Components.csproj", "{0B09DB80-EFAA-4FD0-A2B9-17C07A3D0039}"
EndProject
Project("{9A19103F-16F7-4668-BE54-9A1E7A4F7556}") = "NJDOT.APIs.WebAPI", "NJDOT.APIs.WebAPI\NJDOT.APIs.WebAPI.csproj", "{3552FB8E-8377-4DC2-9415-7A307C646238}"
EndProject
Project("{9A19103F-16F7-4668-BE54-9A1E7A4F7556}") = "NJDOT.APIs.MinimalAPI", "NJDOT.APIs.MinimalAPI\NJDOT.APIs.MinimalAPI.csproj", "{24CCE8A3-2025-4037-AC5B-6A663A9FE7B1}"
EndProject
Project("{2150E333-8FDC-42A3-9474-1A3956D46DE8}") = "StaticWebApp", "StaticWebApp", "{668D9B48-23C8-4508-9B9E-F0B8F17CA3DB}"
EndProject
Project("{9A19103F-16F7-4668-BE54-9A1E7A4F7556}") = "NJDOT.Web.MVC", "NJDOT.Web.MVC\NJDOT.Web.MVC.csproj", "{85B914CB-1346-4FFE-9458-4F62FF5C5F3F}"
EndProject
Project("{9A19103F-16F7-4668-BE54-9A1E7A4F7556}") = "NJDOT.Web.BlazorWASM", "NJDOT.Web.BlazorWASM\NJDOT.Web.BlazorWASM.csproj", "{7FA4632D-F259-4253-B7E4-DBDC18E49B99}"
EndProject
Project("{9A19103F-16F7-4668-BE54-9A1E7A4F7556}") = "NJDOT.Web.API", "NJDOT.Web.API\NJDOT.Web.API.csproj", "{BDF7964E-AD9A-438B-B94D-9F3CF9A682E9}"
EndProject
Project("{2150E333-8FDC-42A3-9474-1A3956D46DE8}") = "Workshop", "Workshop", "{35F48E37-AE40-4B80-8C1F-E90BAA74C9C5}"
EndProject
Project("{FAE04EC0-301F-11D3-BF4B-00C04F79EFBC}") = "NJDOT.Web.Blazor", "NJDOT.Web.Blazor\NJDOT.Web.Blazor\NJDOT.Web.Blazor.csproj", "{B7490135-BEA1-4012-A9E7-AC8102C3B00A}"
EndProject
Project("{FAE04EC0-301F-11D3-BF4B-00C04F79EFBC}") = "NJDOT.Web.Blazor.Client", "NJDOT.Web.Blazor\NJDOT.Web.Blazor.Client\NJDOT.Web.Blazor.Client.csproj", "{1250CB90-B892-4138-9CD8-8C1A46AE902E}"
EndProject
Global
	GlobalSection(SolutionConfigurationPlatforms) = preSolution
		Debug|Any CPU = Debug|Any CPU
		Release|Any CPU = Release|Any CPU
	EndGlobalSection
	GlobalSection(ProjectConfigurationPlatforms) = postSolution
		{9BBF7B5C-0433-4745-BFAB-2CEFB4FF9E25}.Debug|Any CPU.ActiveCfg = Debug|Any CPU
		{9BBF7B5C-0433-4745-BFAB-2CEFB4FF9E25}.Debug|Any CPU.Build.0 = Debug|Any CPU
		{9BBF7B5C-0433-4745-BFAB-2CEFB4FF9E25}.Release|Any CPU.ActiveCfg = Release|Any CPU
		{9BBF7B5C-0433-4745-BFAB-2CEFB4FF9E25}.Release|Any CPU.Build.0 = Release|Any CPU
		{AB16D0F5-CD46-4A73-93A4-B340EE3AE413}.Debug|Any CPU.ActiveCfg = Debug|Any CPU
		{AB16D0F5-CD46-4A73-93A4-B340EE3AE413}.Debug|Any CPU.Build.0 = Debug|Any CPU
		{AB16D0F5-CD46-4A73-93A4-B340EE3AE413}.Release|Any CPU.ActiveCfg = Release|Any CPU
		{AB16D0F5-CD46-4A73-93A4-B340EE3AE413}.Release|Any CPU.Build.0 = Release|Any CPU
		{F71D4124-8BFA-4585-B600-C232A1A744EE}.Debug|Any CPU.ActiveCfg = Debug|Any CPU
		{F71D4124-8BFA-4585-B600-C232A1A744EE}.Debug|Any CPU.Build.0 = Debug|Any CPU
		{F71D4124-8BFA-4585-B600-C232A1A744EE}.Release|Any CPU.ActiveCfg = Release|Any CPU
		{F71D4124-8BFA-4585-B600-C232A1A744EE}.Release|Any CPU.Build.0 = Release|Any CPU
		{0B09DB80-EFAA-4FD0-A2B9-17C07A3D0039}.Debug|Any CPU.ActiveCfg = Debug|Any CPU
		{0B09DB80-EFAA-4FD0-A2B9-17C07A3D0039}.Debug|Any CPU.Build.0 = Debug|Any CPU
		{0B09DB80-EFAA-4FD0-A2B9-17C07A3D0039}.Release|Any CPU.ActiveCfg = Release|Any CPU
		{0B09DB80-EFAA-4FD0-A2B9-17C07A3D0039}.Release|Any CPU.Build.0 = Release|Any CPU
		{3552FB8E-8377-4DC2-9415-7A307C646238}.Debug|Any CPU.ActiveCfg = Debug|Any CPU
		{3552FB8E-8377-4DC2-9415-7A307C646238}.Debug|Any CPU.Build.0 = Debug|Any CPU
		{3552FB8E-8377-4DC2-9415-7A307C646238}.Release|Any CPU.ActiveCfg = Release|Any CPU
		{3552FB8E-8377-4DC2-9415-7A307C646238}.Release|Any CPU.Build.0 = Release|Any CPU
		{24CCE8A3-2025-4037-AC5B-6A663A9FE7B1}.Debug|Any CPU.ActiveCfg = Debug|Any CPU
		{24CCE8A3-2025-4037-AC5B-6A663A9FE7B1}.Debug|Any CPU.Build.0 = Debug|Any CPU
		{24CCE8A3-2025-4037-AC5B-6A663A9FE7B1}.Release|Any CPU.ActiveCfg = Release|Any CPU
		{24CCE8A3-2025-4037-AC5B-6A663A9FE7B1}.Release|Any CPU.Build.0 = Release|Any CPU
		{85B914CB-1346-4FFE-9458-4F62FF5C5F3F}.Debug|Any CPU.ActiveCfg = Debug|Any CPU
		{85B914CB-1346-4FFE-9458-4F62FF5C5F3F}.Debug|Any CPU.Build.0 = Debug|Any CPU
		{85B914CB-1346-4FFE-9458-4F62FF5C5F3F}.Release|Any CPU.ActiveCfg = Release|Any CPU
		{85B914CB-1346-4FFE-9458-4F62FF5C5F3F}.Release|Any CPU.Build.0 = Release|Any CPU
		{7FA4632D-F259-4253-B7E4-DBDC18E49B99}.Debug|Any CPU.ActiveCfg = Debug|Any CPU
		{7FA4632D-F259-4253-B7E4-DBDC18E49B99}.Debug|Any CPU.Build.0 = Debug|Any CPU
		{7FA4632D-F259-4253-B7E4-DBDC18E49B99}.Release|Any CPU.ActiveCfg = Release|Any CPU
		{7FA4632D-F259-4253-B7E4-DBDC18E49B99}.Release|Any CPU.Build.0 = Release|Any CPU
		{BDF7964E-AD9A-438B-B94D-9F3CF9A682E9}.Debug|Any CPU.ActiveCfg = Debug|Any CPU
		{BDF7964E-AD9A-438B-B94D-9F3CF9A682E9}.Debug|Any CPU.Build.0 = Debug|Any CPU
		{BDF7964E-AD9A-438B-B94D-9F3CF9A682E9}.Release|Any CPU.ActiveCfg = Release|Any CPU
		{BDF7964E-AD9A-438B-B94D-9F3CF9A682E9}.Release|Any CPU.Build.0 = Release|Any CPU
		{B7490135-BEA1-4012-A9E7-AC8102C3B00A}.Debug|Any CPU.ActiveCfg = Debug|Any CPU
		{B7490135-BEA1-4012-A9E7-AC8102C3B00A}.Debug|Any CPU.Build.0 = Debug|Any CPU
		{B7490135-BEA1-4012-A9E7-AC8102C3B00A}.Release|Any CPU.ActiveCfg = Release|Any CPU
		{B7490135-BEA1-4012-A9E7-AC8102C3B00A}.Release|Any CPU.Build.0 = Release|Any CPU
		{1250CB90-B892-4138-9CD8-8C1A46AE902E}.Debug|Any CPU.ActiveCfg = Debug|Any CPU
		{1250CB90-B892-4138-9CD8-8C1A46AE902E}.Debug|Any CPU.Build.0 = Debug|Any CPU
		{1250CB90-B892-4138-9CD8-8C1A46AE902E}.Release|Any CPU.ActiveCfg = Release|Any CPU
		{1250CB90-B892-4138-9CD8-8C1A46AE902E}.Release|Any CPU.Build.0 = Release|Any CPU
	EndGlobalSection
	GlobalSection(SolutionProperties) = preSolution
		HideSolutionNode = FALSE
	EndGlobalSection
	GlobalSection(NestedProjects) = preSolution
		{9BBF7B5C-0433-4745-BFAB-2CEFB4FF9E25} = {6E3E48A8-81EF-4668-93E0-6FAAB0C5A4E0}
		{AB16D0F5-CD46-4A73-93A4-B340EE3AE413} = {877F00FA-BD9A-41B6-8840-F5CDFF7490E2}
		{F71D4124-8BFA-4585-B600-C232A1A744EE} = {877F00FA-BD9A-41B6-8840-F5CDFF7490E2}
		{0B09DB80-EFAA-4FD0-A2B9-17C07A3D0039} = {877F00FA-BD9A-41B6-8840-F5CDFF7490E2}
		{3552FB8E-8377-4DC2-9415-7A307C646238} = {6E3E48A8-81EF-4668-93E0-6FAAB0C5A4E0}
		{24CCE8A3-2025-4037-AC5B-6A663A9FE7B1} = {6E3E48A8-81EF-4668-93E0-6FAAB0C5A4E0}
		{668D9B48-23C8-4508-9B9E-F0B8F17CA3DB} = {A5EC6324-B7F1-417B-8B84-53FA46F59431}
		{85B914CB-1346-4FFE-9458-4F62FF5C5F3F} = {A5EC6324-B7F1-417B-8B84-53FA46F59431}
		{7FA4632D-F259-4253-B7E4-DBDC18E49B99} = {668D9B48-23C8-4508-9B9E-F0B8F17CA3DB}
		{BDF7964E-AD9A-438B-B94D-9F3CF9A682E9} = {668D9B48-23C8-4508-9B9E-F0B8F17CA3DB}
		{B7490135-BEA1-4012-A9E7-AC8102C3B00A} = {35F48E37-AE40-4B80-8C1F-E90BAA74C9C5}
		{1250CB90-B892-4138-9CD8-8C1A46AE902E} = {35F48E37-AE40-4B80-8C1F-E90BAA74C9C5}
	EndGlobalSection
	GlobalSection(ExtensibilityGlobals) = postSolution
		SolutionGuid = {1D2B3C40-9379-4269-A5C7-DD1FC8DA6462}
	EndGlobalSection
EndGlobal
